// !$*UTF8*$!
{
	archiveVersion = 1;
	classes = {
	};
	objectVersion = 46;
	objects = {

/* Begin PBXBuildFile section */
		BFD38D801BA3BB4D00DD4BA6 /* AppDelegate.swift in Sources */ = {isa = PBXBuildFile; fileRef = BFD38D7F1BA3BB4D00DD4BA6 /* AppDelegate.swift */; };
		BFD38D821BA3BB4D00DD4BA6 /* ViewController.swift in Sources */ = {isa = PBXBuildFile; fileRef = BFD38D811BA3BB4D00DD4BA6 /* ViewController.swift */; };
		BFD38D851BA3BB4D00DD4BA6 /* Main.storyboard in Resources */ = {isa = PBXBuildFile; fileRef = BFD38D831BA3BB4D00DD4BA6 /* Main.storyboard */; };
		BFD38D871BA3BB4D00DD4BA6 /* Images.xcassets in Resources */ = {isa = PBXBuildFile; fileRef = BFD38D861BA3BB4D00DD4BA6 /* Images.xcassets */; };
		BFD38D8A1BA3BB4D00DD4BA6 /* LaunchScreen.xib in Resources */ = {isa = PBXBuildFile; fileRef = BFD38D881BA3BB4D00DD4BA6 /* LaunchScreen.xib */; };
		BFD38D961BA3BB4D00DD4BA6 /* TwitterAppTests.swift in Sources */ = {isa = PBXBuildFile; fileRef = BFD38D951BA3BB4D00DD4BA6 /* TwitterAppTests.swift */; };
/* End PBXBuildFile section */

/* Begin PBXContainerItemProxy section */
		BFD38D901BA3BB4D00DD4BA6 /* PBXContainerItemProxy */ = {
			isa = PBXContainerItemProxy;
			containerPortal = BFD38D721BA3BB4D00DD4BA6 /* Project object */;
			proxyType = 1;
			remoteGlobalIDString = BFD38D791BA3BB4D00DD4BA6;
			remoteInfo = TwitterApp;
		};
/* End PBXContainerItemProxy section */

/* Begin PBXFileReference section */
		BFD38D7A1BA3BB4D00DD4BA6 /* TwitterApp.app */ = {isa = PBXFileReference; explicitFileType = wrapper.application; includeInIndex = 0; path = TwitterApp.app; sourceTree = BUILT_PRODUCTS_DIR; };
		BFD38D7E1BA3BB4D00DD4BA6 /* Info.plist */ = {isa = PBXFileReference; lastKnownFileType = text.plist.xml; path = Info.plist; sourceTree = "<group>"; };
		BFD38D7F1BA3BB4D00DD4BA6 /* AppDelegate.swift */ = {isa = PBXFileReference; lastKnownFileType = sourcecode.swift; path = AppDelegate.swift; sourceTree = "<group>"; };
		BFD38D811BA3BB4D00DD4BA6 /* ViewController.swift */ = {isa = PBXFileReference; lastKnownFileType = sourcecode.swift; path = ViewController.swift; sourceTree = "<group>"; };
		BFD38D841BA3BB4D00DD4BA6 /* Base */ = {isa = PBXFileReference; lastKnownFileType = file.storyboard; name = Base; path = Base.lproj/Main.storyboard; sourceTree = "<group>"; };
		BFD38D861BA3BB4D00DD4BA6 /* Images.xcassets */ = {isa = PBXFileReference; lastKnownFileType = folder.assetcatalog; path = Images.xcassets; sourceTree = "<group>"; };
		BFD38D891BA3BB4D00DD4BA6 /* Base */ = {isa = PBXFileReference; lastKnownFileType = file.xib; name = Base; path = Base.lproj/LaunchScreen.xib; sourceTree = "<group>"; };
		BFD38D8F1BA3BB4D00DD4BA6 /* TwitterAppTests.xctest */ = {isa = PBXFileReference; explicitFileType = wrapper.cfbundle; includeInIndex = 0; path = TwitterAppTests.xctest; sourceTree = BUILT_PRODUCTS_DIR; };
		BFD38D941BA3BB4D00DD4BA6 /* Info.plist */ = {isa = PBXFileReference; lastKnownFileType = text.plist.xml; path = Info.plist; sourceTree = "<group>"; };
		BFD38D951BA3BB4D00DD4BA6 /* TwitterAppTests.swift */ = {isa = PBXFileReference; lastKnownFileType = sourcecode.swift; path = TwitterAppTests.swift; sourceTree = "<group>"; };
/* End PBXFileReference section */

/* Begin PBXFrameworksBuildPhase section */
		BFD38D771BA3BB4D00DD4BA6 /* Frameworks */ = {
			isa = PBXFrameworksBuildPhase;
			buildActionMask = 2147483647;
			files = (
			);
			runOnlyForDeploymentPostprocessing = 0;
		};
		BFD38D8C1BA3BB4D00DD4BA6 /* Frameworks */ = {
			isa = PBXFrameworksBuildPhase;
			buildActionMask = 2147483647;
			files = (
			);
			runOnlyForDeploymentPostprocessing = 0;
		};
/* End PBXFrameworksBuildPhase section */

/* Begin PBXGroup section */
		BFD38D711BA3BB4D00DD4BA6 = {
			isa = PBXGroup;
			children = (
				BFD38D7C1BA3BB4D00DD4BA6 /* TwitterApp */,
				BFD38D921BA3BB4D00DD4BA6 /* TwitterAppTests */,
				BFD38D7B1BA3BB4D00DD4BA6 /* Products */,
			);
			sourceTree = "<group>";
		};
		BFD38D7B1BA3BB4D00DD4BA6 /* Products */ = {
			isa = PBXGroup;
			children = (
				BFD38D7A1BA3BB4D00DD4BA6 /* TwitterApp.app */,
				BFD38D8F1BA3BB4D00DD4BA6 /* TwitterAppTests.xctest */,
			);
			name = Products;
			sourceTree = "<group>";
		};
		BFD38D7C1BA3BB4D00DD4BA6 /* TwitterApp */ = {
			isa = PBXGroup;
			children = (
				BFD38D7F1BA3BB4D00DD4BA6 /* AppDelegate.swift */,
				BFD38D811BA3BB4D00DD4BA6 /* ViewController.swift */,
				BFD38D831BA3BB4D00DD4BA6 /* Main.storyboard */,
				BFD38D861BA3BB4D00DD4BA6 /* Images.xcassets */,
				BFD38D881BA3BB4D00DD4BA6 /* LaunchScreen.xib */,
				BFD38D7D1BA3BB4D00DD4BA6 /* Supporting Files */,
			);
			path = TwitterApp;
			sourceTree = "<group>";
		};
		BFD38D7D1BA3BB4D00DD4BA6 /* Supporting Files */ = {
			isa = PBXGroup;
			children = (
				BFD38D7E1BA3BB4D00DD4BA6 /* Info.plist */,
			);
			name = "Supporting Files";
			sourceTree = "<group>";
		};
		BFD38D921BA3BB4D00DD4BA6 /* TwitterAppTests */ = {
			isa = PBXGroup;
			children = (
				BFD38D951BA3BB4D00DD4BA6 /* TwitterAppTests.swift */,
				BFD38D931BA3BB4D00DD4BA6 /* Supporting Files */,
			);
			path = TwitterAppTests;
			sourceTree = "<group>";
		};
		BFD38D931BA3BB4D00DD4BA6 /* Supporting Files */ = {
			isa = PBXGroup;
			children = (
				BFD38D941BA3BB4D00DD4BA6 /* Info.plist */,
			);
			name = "Supporting Files";
			sourceTree = "<group>";
		};
/* End PBXGroup section */

/* Begin PBXNativeTarget section */
		BFD38D791BA3BB4D00DD4BA6 /* TwitterApp */ = {
			isa = PBXNativeTarget;
			buildConfigurationList = BFD38D991BA3BB4D00DD4BA6 /* Build configuration list for PBXNativeTarget "TwitterApp" */;
			buildPhases = (
				BFD38D761BA3BB4D00DD4BA6 /* Sources */,
				BFD38D771BA3BB4D00DD4BA6 /* Frameworks */,
				BFD38D781BA3BB4D00DD4BA6 /* Resources */,
			);
			buildRules = (
			);
			dependencies = (
			);
			name = TwitterApp;
			productName = TwitterApp;
			productReference = BFD38D7A1BA3BB4D00DD4BA6 /* TwitterApp.app */;
			productType = "com.apple.product-type.application";
		};
		BFD38D8E1BA3BB4D00DD4BA6 /* TwitterAppTests */ = {
			isa = PBXNativeTarget;
			buildConfigurationList = BFD38D9C1BA3BB4D00DD4BA6 /* Build configuration list for PBXNativeTarget "TwitterAppTests" */;
			buildPhases = (
				BFD38D8B1BA3BB4D00DD4BA6 /* Sources */,
				BFD38D8C1BA3BB4D00DD4BA6 /* Frameworks */,
				BFD38D8D1BA3BB4D00DD4BA6 /* Resources */,
			);
			buildRules = (
			);
			dependencies = (
				BFD38D911BA3BB4D00DD4BA6 /* PBXTargetDependency */,
			);
			name = TwitterAppTests;
			productName = TwitterAppTests;
			productReference = BFD38D8F1BA3BB4D00DD4BA6 /* TwitterAppTests.xctest */;
			productType = "com.apple.product-type.bundle.unit-test";
		};
/* End PBXNativeTarget section */

/* Begin PBXProject section */
		BFD38D721BA3BB4D00DD4BA6 /* Project object */ = {
			isa = PBXProject;
			attributes = {
				LastUpgradeCheck = 0640;
				ORGANIZATIONNAME = jun;
				TargetAttributes = {
					BFD38D791BA3BB4D00DD4BA6 = {
						CreatedOnToolsVersion = 6.4;
					};
					BFD38D8E1BA3BB4D00DD4BA6 = {
						CreatedOnToolsVersion = 6.4;
						TestTargetID = BFD38D791BA3BB4D00DD4BA6;
					};
				};
			};
			buildConfigurationList = BFD38D751BA3BB4D00DD4BA6 /* Build configuration list for PBXProject "TwitterApp" */;
			compatibilityVersion = "Xcode 3.2";
			developmentRegion = English;
			hasScannedForEncodings = 0;
			knownRegions = (
				en,
				Base,
			);
			mainGroup = BFD38D711BA3BB4D00DD4BA6;
			productRefGroup = BFD38D7B1BA3BB4D00DD4BA6 /* Products */;
			projectDirPath = "";
			projectRoot = "";
			targets = (
				BFD38D791BA3BB4D00DD4BA6 /* TwitterApp */,
				BFD38D8E1BA3BB4D00DD4BA6 /* TwitterAppTests */,
			);
		};
/* End PBXProject section */

/* Begin PBXResourcesBuildPhase section */
		BFD38D781BA3BB4D00DD4BA6 /* Resources */ = {
			isa = PBXResourcesBuildPhase;
			buildActionMask = 2147483647;
			files = (
				BFD38D851BA3BB4D00DD4BA6 /* Main.storyboard in Resources */,
				BFD38D8A1BA3BB4D00DD4BA6 /* LaunchScreen.xib in Resources */,
				BFD38D871BA3BB4D00DD4BA6 /* Images.xcassets in Resources */,
			);
			runOnlyForDeploymentPostprocessing = 0;
		};
		BFD38D8D1BA3BB4D00DD4BA6 /* Resources */ = {
			isa = PBXResourcesBuildPhase;
			buildActionMask = 2147483647;
			files = (
			);
			runOnlyForDeploymentPostprocessing = 0;
		};
/* End PBXResourcesBuildPhase section */

/* Begin PBXSourcesBuildPhase section */
		BFD38D761BA3BB4D00DD4BA6 /* Sources */ = {
			isa = PBXSourcesBuildPhase;
			buildActionMask = 2147483647;
			files = (
				BFD38D821BA3BB4D00DD4BA6 /* ViewController.swift in Sources */,
				BFD38D801BA3BB4D00DD4BA6 /* AppDelegate.swift in Sources */,
			);
			runOnlyForDeploymentPostprocessing = 0;
		};
		BFD38D8B1BA3BB4D00DD4BA6 /* Sources */ = {
			isa = PBXSourcesBuildPhase;
			buildActionMask = 2147483647;
			files = (
				BFD38D961BA3BB4D00DD4BA6 /* TwitterAppTests.swift in Sources */,
			);
			runOnlyForDeploymentPostprocessing = 0;
		};
/* End PBXSourcesBuildPhase section */

/* Begin PBXTargetDependency section */
		BFD38D911BA3BB4D00DD4BA6 /* PBXTargetDependency */ = {
			isa = PBXTargetDependency;
			target = BFD38D791BA3BB4D00DD4BA6 /* TwitterApp */;
			targetProxy = BFD38D901BA3BB4D00DD4BA6 /* PBXContainerItemProxy */;
		};
/* End PBXTargetDependency section */

/* Begin PBXVariantGroup section */
		BFD38D831BA3BB4D00DD4BA6 /* Main.storyboard */ = {
			isa = PBXVariantGroup;
			children = (
				BFD38D841BA3BB4D00DD4BA6 /* Base */,
			);
			name = Main.storyboard;
			sourceTree = "<group>";
		};
		BFD38D881BA3BB4D00DD4BA6 /* LaunchScreen.xib */ = {
			isa = PBXVariantGroup;
			children = (
				BFD38D891BA3BB4D00DD4BA6 /* Base */,
			);
			name = LaunchScreen.xib;
			sourceTree = "<group>";
		};
/* End PBXVariantGroup section */

/* Begin XCBuildConfiguration section */
		BFD38D971BA3BB4D00DD4BA6 /* Debug */ = {
			isa = XCBuildConfiguration;
			buildSettings = {
				ALWAYS_SEARCH_USER_PATHS = NO;
				CLANG_CXX_LANGUAGE_STANDARD = "gnu++0x";
				CLANG_CXX_LIBRARY = "libc++";
				CLANG_ENABLE_MODULES = YES;
				CLANG_ENABLE_OBJC_ARC = YES;
				CLANG_WARN_BOOL_CONVERSION = YES;
				CLANG_WARN_CONSTANT_CONVERSION = YES;
				CLANG_WARN_DIRECT_OBJC_ISA_USAGE = YES_ERROR;
				CLANG_WARN_EMPTY_BODY = YES;
				CLANG_WARN_ENUM_CONVERSION = YES;
				CLANG_WARN_INT_CONVERSION = YES;
				CLANG_WARN_OBJC_ROOT_CLASS = YES_ERROR;
				CLANG_WARN_UNREACHABLE_CODE = YES;
				CLANG_WARN__DUPLICATE_METHOD_MATCH = YES;
				"CODE_SIGN_IDENTITY[sdk=iphoneos*]" = "iPhone Developer";
				COPY_PHASE_STRIP = NO;
				DEBUG_INFORMATION_FORMAT = "dwarf-with-dsym";
				ENABLE_STRICT_OBJC_MSGSEND = YES;
				GCC_C_LANGUAGE_STANDARD = gnu99;
				GCC_DYNAMIC_NO_PIC = NO;
				GCC_NO_COMMON_BLOCKS = YES;
				GCC_OPTIMIZATION_LEVEL = 0;
				GCC_PREPROCESSOR_DEFINITIONS = (
					"DEBUG=1",
					"$(inherited)",
				);
				GCC_SYMBOLS_PRIVATE_EXTERN = NO;
				GCC_WARN_64_TO_32_BIT_CONVERSION = YES;
				GCC_WARN_ABOUT_RETURN_TYPE = YES_ERROR;
				GCC_WARN_UNDECLARED_SELECTOR = YES;
				GCC_WARN_UNINITIALIZED_AUTOS = YES_AGGRESSIVE;
				GCC_WARN_UNUSED_FUNCTION = YES;
				GCC_WARN_UNUSED_VARIABLE = YES;
				IPHONEOS_DEPLOYMENT_TARGET = 8.4;
				MTL_ENABLE_DEBUG_INFO = YES;
				ONLY_ACTIVE_ARCH = YES;
				SDKROOT = iphoneos;
				SWIFT_OPTIMIZATION_LEVEL = "-Onone";
				TARGETED_DEVICE_FAMILY = "1,2";
			};
			name = Debug;
		};
		BFD38D981BA3BB4D00DD4BA6 /* Release */ = {
			isa = XCBuildConfiguration;
			buildSettings = {
				ALWAYS_SEARCH_USER_PATHS = NO;
				CLANG_CXX_LANGUAGE_STANDARD = "gnu++0x";
				CLANG_CXX_LIBRARY = "libc++";
				CLANG_ENABLE_MODULES = YES;
				CLANG_ENABLE_OBJC_ARC = YES;
				CLANG_WARN_BOOL_CONVERSION = YES;
				CLANG_WARN_CONSTANT_CONVERSION = YES;
				CLANG_WARN_DIRECT_OBJC_ISA_USAGE = YES_ERROR;
				CLANG_WARN_EMPTY_BODY = YES;
				CLANG_WARN_ENUM_CONVERSION = YES;
				CLANG_WARN_INT_CONVERSION = YES;
				CLANG_WARN_OBJC_ROOT_CLASS = YES_ERROR;
				CLANG_WARN_UNREACHABLE_CODE = YES;
				CLANG_WARN__DUPLICATE_METHOD_MATCH = YES;
				"CODE_SIGN_IDENTITY[sdk=iphoneos*]" = "iPhone Developer";
				COPY_PHASE_STRIP = NO;
				DEBUG_INFORMATION_FORMAT = "dwarf-with-dsym";
				ENABLE_NS_ASSERTIONS = NO;
				ENABLE_STRICT_OBJC_MSGSEND = YES;
				GCC_C_LANGUAGE_STANDARD = gnu99;
				GCC_NO_COMMON_BLOCKS = YES;
				GCC_WARN_64_TO_32_BIT_CONVERSION = YES;
				GCC_WARN_ABOUT_RETURN_TYPE = YES_ERROR;
				GCC_WARN_UNDECLARED_SELECTOR = YES;
				GCC_WARN_UNINITIALIZED_AUTOS = YES_AGGRESSIVE;
				GCC_WARN_UNUSED_FUNCTION = YES;
				GCC_WARN_UNUSED_VARIABLE = YES;
				IPHONEOS_DEPLOYMENT_TARGET = 8.4;
				MTL_ENABLE_DEBUG_INFO = NO;
				SDKROOT = iphoneos;
				TARGETED_DEVICE_FAMILY = "1,2";
				VALIDATE_PRODUCT = YES;
			};
			name = Release;
		};
		BFD38D9A1BA3BB4D00DD4BA6 /* Debug */ = {
			isa = XCBuildConfiguration;
			buildSettings = {
				ASSETCATALOG_COMPILER_APPICON_NAME = AppIcon;
				INFOPLIST_FILE = TwitterApp/Info.plist;
				LD_RUNPATH_SEARCH_PATHS = "$(inherited) @executable_path/Frameworks";
				PRODUCT_NAME = "$(TARGET_NAME)";
			};
			name = Debug;
		};
		BFD38D9B1BA3BB4D00DD4BA6 /* Release */ = {
			isa = XCBuildConfiguration;
			buildSettings = {
				ASSETCATALOG_COMPILER_APPICON_NAME = AppIcon;
				INFOPLIST_FILE = TwitterApp/Info.plist;
				LD_RUNPATH_SEARCH_PATHS = "$(inherited) @executable_path/Frameworks";
				PRODUCT_NAME = "$(TARGET_NAME)";
			};
			name = Release;
		};
		BFD38D9D1BA3BB4D00DD4BA6 /* Debug */ = {
			isa = XCBuildConfiguration;
			buildSettings = {
				BUNDLE_LOADER = "$(TEST_HOST)";
				FRAMEWORK_SEARCH_PATHS = (
					"$(SDKROOT)/Developer/Library/Frameworks",
					"$(inherited)",
				);
				GCC_PREPROCESSOR_DEFINITIONS = (
					"DEBUG=1",
					"$(inherited)",
				);
				INFOPLIST_FILE = TwitterAppTests/Info.plist;
				LD_RUNPATH_SEARCH_PATHS = "$(inherited) @executable_path/Frameworks @loader_path/Frameworks";
				PRODUCT_NAME = "$(TARGET_NAME)";
				TEST_HOST = "$(BUILT_PRODUCTS_DIR)/TwitterApp.app/TwitterApp";
			};
			name = Debug;
		};
		BFD38D9E1BA3BB4D00DD4BA6 /* Release */ = {
			isa = XCBuildConfiguration;
			buildSettings = {
				BUNDLE_LOADER = "$(TEST_HOST)";
				FRAMEWORK_SEARCH_PATHS = (
					"$(SDKROOT)/Developer/Library/Frameworks",
					"$(inherited)",
				);
				INFOPLIST_FILE = TwitterAppTests/Info.plist;
				LD_RUNPATH_SEARCH_PATHS = "$(inherited) @executable_path/Frameworks @loader_path/Frameworks";
				PRODUCT_NAME = "$(TARGET_NAME)";
				TEST_HOST = "$(BUILT_PRODUCTS_DIR)/TwitterApp.app/TwitterApp";
			};
			name = Release;
		};
/* End XCBuildConfiguration section */

/* Begin XCConfigurationList section */
		BFD38D751BA3BB4D00DD4BA6 /* Build configuration list for PBXProject "TwitterApp" */ = {
			isa = XCConfigurationList;
			buildConfigurations = (
				BFD38D971BA3BB4D00DD4BA6 /* Debug */,
				BFD38D981BA3BB4D00DD4BA6 /* Release */,
			);
			defaultConfigurationIsVisible = 0;
			defaultConfigurationName = Release;
		};
		BFD38D991BA3BB4D00DD4BA6 /* Build configuration list for PBXNativeTarget "TwitterApp" */ = {
			isa = XCConfigurationList;
			buildConfigurations = (
				BFD38D9A1BA3BB4D00DD4BA6 /* Debug */,
				BFD38D9B1BA3BB4D00DD4BA6 /* Release */,
			);
			defaultConfigurationIsVisible = 0;
		};
		BFD38D9C1BA3BB4D00DD4BA6 /* Build configuration list for PBXNativeTarget "TwitterAppTests" */ = {
			isa = XCConfigurationList;
			buildConfigurations = (
				BFD38D9D1BA3BB4D00DD4BA6 /* Debug */,
				BFD38D9E1BA3BB4D00DD4BA6 /* Release */,
			);
			defaultConfigurationIsVisible = 0;
		};
/* End XCConfigurationList section */
	};
	rootObject = BFD38D721BA3BB4D00DD4BA6 /* Project object */;
}
